{
  "name": "assets",
  "lockfileVersion": 3,
  "requires": true,
  "packages": {
    "": {
      "dependencies": {
        "trix": "^2.1.19"
      }
    },
    "node_modules/@types/trusted-types": {
      "version": "2.0.7",
      "resolved": "https://registry.npmjs.org/@types/trusted-types/-/trusted-types-2.0.7.tgz",
      "integrity": "sha512-ScaPdn1dQczgbl0QFTeTOmVHFULt394XJgOQNoyVhZ6r2vLnMLJfBPd53SB52T/3G36VI1/g2MZaX0cwDuXsfw==",
      "license": "MIT",
      "optional": true
    },
    "node_modules/dompurify": {
      "version": "3.4.2",
      "resolved": "https://registry.npmjs.org/dompurify/-/dompurify-3.4.2.tgz",
      "integrity": "sha512-lHeS9SA/IKeIFFyYciHBr2n0v1VMPlSj843HdLOwjb2OxNwdq9Xykxqhk+FE42MzAdHvInbAolSE4mhahPpjXA==",
      "license": "(MPL-2.0 OR Apache-2.0)",
      "optionalDependencies": {
        "@types/trusted-types": "^2.0.7"
      }
    },
    "node_modules/trix": {
      "version": "2.1.19",
      "resolved": "https://registry.npmjs.org/trix/-/trix-2.1.19.tgz",
      "integrity": "sha512-E7RA3EOeUiUwNJlrF5onIOkqCA06xUU6GmHOVxXyMnGMValrDK3Ce7uaMVgiVUOvVt4mzUERAHAzD10mxoLpOg==",
      "license": "MIT",
      "dependencies": {
        "dompurify": "^3.2.5"
      },
      "engines": {
        "node": ">= 18"
      }
    }
  }
}
